
Microsoft Visual Studio Solution File, Format Version 11.00
# Visual Studio 2010
Project("{FAE04EC0-301F-11D3-BF4B-00C04F79EFBC}") = "Assembly-CSharp", "Assembly-CSharp.csproj", "{FD927F17-31D3-2F04-F469-C5C405F7763F}"
EndProject
Global
	GlobalSection(SolutionConfigurationPlatforms) = preSolution
		Debug|Any CPU = Debug|Any CPU
		Release|Any CPU = Release|Any CPU
	EndGlobalSection
	GlobalSection(ProjectConfigurationPlatforms) = postSolution
		{FD927F17-31D3-2F04-F469-C5C405F7763F}.Debug|Any CPU.ActiveCfg = Debug|Any CPU
		{FD927F17-31D3-2F04-F469-C5C405F7763F}.Debug|Any CPU.Build.0 = Debug|Any CPU
		{FD927F17-31D3-2F04-F469-C5C405F7763F}.Release|Any CPU.ActiveCfg = Release|Any CPU
		{FD927F17-31D3-2F04-F469-C5C405F7763F}.Release|Any CPU.Build.0 = Release|Any CPU
	EndGlobalSection
	GlobalSection(SolutionProperties) = preSolution
		HideSolutionNode = FALSE
	EndGlobalSection
	GlobalSection(MonoDevelopProperties) = preSolution
		StartupItem = Assembly-CSharp.csproj
	EndGlobalSection
EndGlobal
