
Microsoft Visual Studio Solution File, Format Version 11.00
# Visual Studio 2010
Project("{FAE04EC0-301F-11D3-BF4B-00C04F79EFBC}") = "Assembly-CSharp", "Assembly-CSharp.csproj", "{10E6EF32-A734-C70B-BF66-B01749FC2BE5}"
EndProject
Global
	GlobalSection(SolutionConfigurationPlatforms) = preSolution
		Debug|Any CPU = Debug|Any CPU
		Release|Any CPU = Release|Any CPU
	EndGlobalSection
	GlobalSection(ProjectConfigurationPlatforms) = postSolution
		{10E6EF32-A734-C70B-BF66-B01749FC2BE5}.Debug|Any CPU.ActiveCfg = Debug|Any CPU
		{10E6EF32-A734-C70B-BF66-B01749FC2BE5}.Debug|Any CPU.Build.0 = Debug|Any CPU
		{10E6EF32-A734-C70B-BF66-B01749FC2BE5}.Release|Any CPU.ActiveCfg = Release|Any CPU
		{10E6EF32-A734-C70B-BF66-B01749FC2BE5}.Release|Any CPU.Build.0 = Release|Any CPU
	EndGlobalSection
	GlobalSection(SolutionProperties) = preSolution
		HideSolutionNode = FALSE
	EndGlobalSection
	GlobalSection(MonoDevelopProperties) = preSolution
		StartupItem = Assembly-CSharp.csproj
	EndGlobalSection
EndGlobal
